
Microsoft Visual Studio Solution File, Format Version 12.00
# Visual Studio Version 16
VisualStudioVersion = 16.0.30104.148
MinimumVisualStudioVersion = 10.0.40219.1
Project("{FAE04EC0-301F-11D3-BF4B-00C04F79EFBC}") = "SRS", "SRS.csproj", "{3862EC9C-6B36-4507-BE77-EA32B9BE5190}"
EndProject
Global
	GlobalSection(SolutionConfigurationPlatforms) = preSolution
		Debug|Any CPU = Debug|Any CPU
		Release|Any CPU = Release|Any CPU
	EndGlobalSection
	GlobalSection(ProjectConfigurationPlatforms) = postSolution
		{3862EC9C-6B36-4507-BE77-EA32B9BE5190}.Debug|Any CPU.ActiveCfg = Debug|Any CPU
		{3862EC9C-6B36-4507-BE77-EA32B9BE5190}.Debug|Any CPU.Build.0 = Debug|Any CPU
		{3862EC9C-6B36-4507-BE77-EA32B9BE5190}.Release|Any CPU.ActiveCfg = Release|Any CPU
		{3862EC9C-6B36-4507-BE77-EA32B9BE5190}.Release|Any CPU.Build.0 = Release|Any CPU
	EndGlobalSection
	GlobalSection(SolutionProperties) = preSolution
		HideSolutionNode = FALSE
	EndGlobalSection
	GlobalSection(ExtensibilityGlobals) = postSolution
		SolutionGuid = {EB20E6EA-8678-4755-AFA4-976A047D1F24}
	EndGlobalSection
EndGlobal
